
Microsoft Visual Studio Solution File, Format Version 12.00
# Visual Studio Version 16
VisualStudioVersion = 16.0.28803.202
MinimumVisualStudioVersion = 10.0.40219.1
Project("{8BC9CEB8-8B4A-11D0-8D11-00A0C91BC942}") = "BTree удаление узлов", "BTree удаление узлов\BTree удаление узлов.vcxproj", "{00852C27-7C12-4911-8723-2093B16EF770}"
EndProject
Global
	GlobalSection(SolutionConfigurationPlatforms) = preSolution
		Debug|x64 = Debug|x64
		Debug|x86 = Debug|x86
		Release|x64 = Release|x64
		Release|x86 = Release|x86
	EndGlobalSection
	GlobalSection(ProjectConfigurationPlatforms) = postSolution
		{00852C27-7C12-4911-8723-2093B16EF770}.Debug|x64.ActiveCfg = Debug|x64
		{00852C27-7C12-4911-8723-2093B16EF770}.Debug|x64.Build.0 = Debug|x64
		{00852C27-7C12-4911-8723-2093B16EF770}.Debug|x86.ActiveCfg = Debug|Win32
		{00852C27-7C12-4911-8723-2093B16EF770}.Debug|x86.Build.0 = Debug|Win32
		{00852C27-7C12-4911-8723-2093B16EF770}.Release|x64.ActiveCfg = Release|x64
		{00852C27-7C12-4911-8723-2093B16EF770}.Release|x64.Build.0 = Release|x64
		{00852C27-7C12-4911-8723-2093B16EF770}.Release|x86.ActiveCfg = Release|Win32
		{00852C27-7C12-4911-8723-2093B16EF770}.Release|x86.Build.0 = Release|Win32
	EndGlobalSection
	GlobalSection(SolutionProperties) = preSolution
		HideSolutionNode = FALSE
	EndGlobalSection
	GlobalSection(ExtensibilityGlobals) = postSolution
		SolutionGuid = {469C74C6-BC43-4942-8331-19D5FA0EA503}
	EndGlobalSection
EndGlobal
